{
  "name": "sort-import",
  "version": "1.0.0",
  "lockfileVersion": 1,
  "requires": true,
  "dependencies": {
    "@babel/generator": {
      "version": "7.16.0",
      "resolved": "http://admin.npm.oppoer.me/@babel%2fgenerator/-/generator-7.16.0.tgz",
      "integrity": "sha1-1A89HVB15i01ALzLZ/PaqKlSZbI=",
      "requires": {
        "@babel/types": "^7.16.0",
        "jsesc": "^2.5.1",
        "source-map": "^0.5.0"
      }
    },
    "@babel/helper-validator-identifier": {
      "version": "7.15.7",
      "resolved": "http://admin.npm.oppoer.me/@babel%2fhelper-validator-identifier/-/helper-validator-identifier-7.15.7.tgz",
      "integrity": "sha1-Ig35k7/pBKSmsCq08zhaXr9uI4k="
    },
    "@babel/parser": {
      "version": "7.16.4",
      "resolved": "http://admin.npm.oppoer.me/@babel%2fparser/-/parser-7.16.4.tgz",
      "integrity": "sha1-1fkvV88sdP/ps3mBwOcv7nMRNy4="
    },
    "@babel/types": {
      "version": "7.16.0",
      "resolved": "http://admin.npm.oppoer.me/@babel%2ftypes/-/types-7.16.0.tgz",
      "integrity": "sha1-2zsxOAT5aq3Qt3bEgj4SetZyibo=",
      "requires": {
        "@babel/helper-validator-identifier": "^7.15.7",
        "to-fast-properties": "^2.0.0"
      }
    },
    "jsesc": {
      "version": "2.5.2",
      "resolved": "http://admin.npm.oppoer.me/jsesc/-/jsesc-2.5.2.tgz",
      "integrity": "sha1-gFZNLkg9rPbo7yCWUKZ98/DCg6Q="
    },
    "source-map": {
      "version": "0.5.7",
      "resolved": "http://admin.npm.oppoer.me/source-map/-/source-map-0.5.7.tgz",
      "integrity": "sha1-igOdLRAh0i0eoUyA2OpGi6LvP8w="
    },
    "to-fast-properties": {
      "version": "2.0.0",
      "resolved": "http://admin.npm.oppoer.me/to-fast-properties/-/to-fast-properties-2.0.0.tgz",
      "integrity": "sha1-3F5pjL0HkmW8c+A3doGk5Og/YW4="
    }
  }
}
